{
  "name": "mashup_cloud",
  "lockfileVersion": 2,
  "requires": true,
  "packages": {
    "": {
      "dependencies": {
        "enigma.js": "^2.9.0",
        "ws": "^8.8.1"
      }
    },
    "node_modules/enigma.js": {
      "version": "2.9.0",
      "resolved": "https://registry.npmjs.org/enigma.js/-/enigma.js-2.9.0.tgz",
      "integrity": "sha512-R/OttpmWyc6kwYUWTiRIfKrKuV6hrVOirwuLKvoUwhvLfFd5Yyf0gvZRdholvJswhNDDD5UIAbUFNf/o96v+hA=="
    },
    "node_modules/ws": {
      "version": "8.8.1",
      "resolved": "https://registry.npmjs.org/ws/-/ws-8.8.1.tgz",
      "integrity": "sha512-bGy2JzvzkPowEJV++hF07hAD6niYSr0JzBNo/J29WsB57A2r7Wlc1UFcTR9IzrPvuNVO4B8LGqF8qcpsVOhJCA==",
      "engines": {
        "node": ">=10.0.0"
      },
      "peerDependencies": {
        "bufferutil": "^4.0.1",
        "utf-8-validate": "^5.0.2"
      },
      "peerDependenciesMeta": {
        "bufferutil": {
          "optional": true
        },
        "utf-8-validate": {
          "optional": true
        }
      }
    }
  },
  "dependencies": {
    "enigma.js": {
      "version": "2.9.0",
      "resolved": "https://registry.npmjs.org/enigma.js/-/enigma.js-2.9.0.tgz",
      "integrity": "sha512-R/OttpmWyc6kwYUWTiRIfKrKuV6hrVOirwuLKvoUwhvLfFd5Yyf0gvZRdholvJswhNDDD5UIAbUFNf/o96v+hA=="
    },
    "ws": {
      "version": "8.8.1",
      "resolved": "https://registry.npmjs.org/ws/-/ws-8.8.1.tgz",
      "integrity": "sha512-bGy2JzvzkPowEJV++hF07hAD6niYSr0JzBNo/J29WsB57A2r7Wlc1UFcTR9IzrPvuNVO4B8LGqF8qcpsVOhJCA==",
      "requires": {}
    }
  }
}
